
Microsoft Visual Studio Solution File, Format Version 12.00
Project("{FAE04EC0-301F-11D3-BF4B-00C04F79EFBC}") = "Reactor.Core", "Reactor.Core.csproj", "{E54A9281-2324-4824-88E0-B1F454481337}"
EndProject
Project("{FAE04EC0-301F-11D3-BF4B-00C04F79EFBC}") = "Red", "..\Red\Red.csproj", "{4AB4EC62-C529-4CA4-BE1A-24028D685FD3}"
EndProject
Global
	GlobalSection(SolutionConfigurationPlatforms) = preSolution
		Debug|Any CPU = Debug|Any CPU
		Release|Any CPU = Release|Any CPU
	EndGlobalSection
	GlobalSection(ProjectConfigurationPlatforms) = postSolution
		{E54A9281-2324-4824-88E0-B1F454481337}.Debug|Any CPU.ActiveCfg = Debug|Any CPU
		{E54A9281-2324-4824-88E0-B1F454481337}.Debug|Any CPU.Build.0 = Debug|Any CPU
		{E54A9281-2324-4824-88E0-B1F454481337}.Release|Any CPU.ActiveCfg = Release|Any CPU
		{E54A9281-2324-4824-88E0-B1F454481337}.Release|Any CPU.Build.0 = Release|Any CPU
		{4AB4EC62-C529-4CA4-BE1A-24028D685FD3}.Debug|Any CPU.ActiveCfg = Debug|Any CPU
		{4AB4EC62-C529-4CA4-BE1A-24028D685FD3}.Debug|Any CPU.Build.0 = Debug|Any CPU
		{4AB4EC62-C529-4CA4-BE1A-24028D685FD3}.Release|Any CPU.ActiveCfg = Release|Any CPU
		{4AB4EC62-C529-4CA4-BE1A-24028D685FD3}.Release|Any CPU.Build.0 = Release|Any CPU
	EndGlobalSection
EndGlobal
