
Microsoft Visual Studio Solution File, Format Version 12.00
# Visual Studio 2012
VisualStudioVersion = 12.0.21005.1
MinimumVisualStudioVersion = 10.0.40219.1
Project("{FAE04EC0-301F-11D3-BF4B-00C04F79EFBC}") = "Reactor", "Reactor.csproj", "{A1293177-73F3-40E5-848A-85B626886C7D}"
EndProject
Project("{FAE04EC0-301F-11D3-BF4B-00C04F79EFBC}") = "MonoMac", "MonoMac\MonoMac.csproj", "{0D832C92-6541-4A18-9128-662D6BE6E88A}"
EndProject
Project("{FAE04EC0-301F-11D3-BF4B-00C04F79EFBC}") = "PlatformTest", "PlatformTest\PlatformTest.csproj", "{43844693-3C87-4A80-9B49-BD085C613D62}"
EndProject
Project("{2150E333-8FDC-42A3-9474-1A3956D46DE8}") = "Solution Items", "Solution Items", "{5D4D02DA-2475-4A1D-8516-167B5FFD3482}"
	ProjectSection(SolutionItems) = preProject
		Performance1.psess = Performance1.psess
		Performance2.psess = Performance2.psess
		Performance3.psess = Performance3.psess
	EndProjectSection
EndProject
Global
	GlobalSection(SolutionConfigurationPlatforms) = preSolution
		AppStore|Any CPU = AppStore|Any CPU
		AppStore|Mixed Platforms = AppStore|Mixed Platforms
		AppStore|x64 = AppStore|x64
		AppStore|x86 = AppStore|x86
		Debug|Any CPU = Debug|Any CPU
		Debug|Mixed Platforms = Debug|Mixed Platforms
		Debug|x64 = Debug|x64
		Debug|x86 = Debug|x86
		Release|Any CPU = Release|Any CPU
		Release|Mixed Platforms = Release|Mixed Platforms
		Release|x64 = Release|x64
		Release|x86 = Release|x86
	EndGlobalSection
	GlobalSection(ProjectConfigurationPlatforms) = postSolution
		{0D832C92-6541-4A18-9128-662D6BE6E88A}.AppStore|Any CPU.ActiveCfg = AppStore|Any CPU
		{0D832C92-6541-4A18-9128-662D6BE6E88A}.AppStore|Any CPU.Build.0 = AppStore|Any CPU
		{0D832C92-6541-4A18-9128-662D6BE6E88A}.AppStore|Mixed Platforms.ActiveCfg = AppStore|Any CPU
		{0D832C92-6541-4A18-9128-662D6BE6E88A}.AppStore|x64.ActiveCfg = AppStore|Any CPU
		{0D832C92-6541-4A18-9128-662D6BE6E88A}.AppStore|x86.ActiveCfg = AppStore|Any CPU
		{0D832C92-6541-4A18-9128-662D6BE6E88A}.Debug|Any CPU.ActiveCfg = Debug|Any CPU
		{0D832C92-6541-4A18-9128-662D6BE6E88A}.Debug|Any CPU.Build.0 = Debug|Any CPU
		{0D832C92-6541-4A18-9128-662D6BE6E88A}.Debug|Mixed Platforms.ActiveCfg = Debug|Any CPU
		{0D832C92-6541-4A18-9128-662D6BE6E88A}.Debug|Mixed Platforms.Build.0 = Debug|Any CPU
		{0D832C92-6541-4A18-9128-662D6BE6E88A}.Debug|x64.ActiveCfg = Debug|Any CPU
		{0D832C92-6541-4A18-9128-662D6BE6E88A}.Debug|x64.Build.0 = Debug|Any CPU
		{0D832C92-6541-4A18-9128-662D6BE6E88A}.Debug|x86.ActiveCfg = Debug|Any CPU
		{0D832C92-6541-4A18-9128-662D6BE6E88A}.Debug|x86.Build.0 = Debug|Any CPU
		{0D832C92-6541-4A18-9128-662D6BE6E88A}.Release|Any CPU.ActiveCfg = Release|Any CPU
		{0D832C92-6541-4A18-9128-662D6BE6E88A}.Release|Any CPU.Build.0 = Release|Any CPU
		{0D832C92-6541-4A18-9128-662D6BE6E88A}.Release|Mixed Platforms.ActiveCfg = Release|Any CPU
		{0D832C92-6541-4A18-9128-662D6BE6E88A}.Release|Mixed Platforms.Build.0 = Release|Any CPU
		{0D832C92-6541-4A18-9128-662D6BE6E88A}.Release|x64.ActiveCfg = Release|Any CPU
		{0D832C92-6541-4A18-9128-662D6BE6E88A}.Release|x64.Build.0 = Release|Any CPU
		{0D832C92-6541-4A18-9128-662D6BE6E88A}.Release|x86.ActiveCfg = Release|Any CPU
		{0D832C92-6541-4A18-9128-662D6BE6E88A}.Release|x86.Build.0 = Release|Any CPU
		{43844693-3C87-4A80-9B49-BD085C613D62}.AppStore|Any CPU.ActiveCfg = Debug|x64
		{43844693-3C87-4A80-9B49-BD085C613D62}.AppStore|Any CPU.Build.0 = Debug|x64
		{43844693-3C87-4A80-9B49-BD085C613D62}.AppStore|Mixed Platforms.ActiveCfg = Release|x64
		{43844693-3C87-4A80-9B49-BD085C613D62}.AppStore|Mixed Platforms.Build.0 = Release|x64
		{43844693-3C87-4A80-9B49-BD085C613D62}.AppStore|x64.ActiveCfg = Release|x64
		{43844693-3C87-4A80-9B49-BD085C613D62}.AppStore|x64.Build.0 = Release|x64
		{43844693-3C87-4A80-9B49-BD085C613D62}.AppStore|x86.ActiveCfg = Release|x64
		{43844693-3C87-4A80-9B49-BD085C613D62}.AppStore|x86.Build.0 = Release|x64
		{43844693-3C87-4A80-9B49-BD085C613D62}.Debug|Any CPU.ActiveCfg = Debug|x64
		{43844693-3C87-4A80-9B49-BD085C613D62}.Debug|Any CPU.Build.0 = Debug|x64
		{43844693-3C87-4A80-9B49-BD085C613D62}.Debug|Mixed Platforms.ActiveCfg = Debug|x64
		{43844693-3C87-4A80-9B49-BD085C613D62}.Debug|Mixed Platforms.Build.0 = Debug|x64
		{43844693-3C87-4A80-9B49-BD085C613D62}.Debug|x64.ActiveCfg = Debug|x64
		{43844693-3C87-4A80-9B49-BD085C613D62}.Debug|x64.Build.0 = Debug|x64
		{43844693-3C87-4A80-9B49-BD085C613D62}.Debug|x86.ActiveCfg = Debug|x64
		{43844693-3C87-4A80-9B49-BD085C613D62}.Debug|x86.Build.0 = Debug|x64
		{43844693-3C87-4A80-9B49-BD085C613D62}.Release|Any CPU.ActiveCfg = Release|x64
		{43844693-3C87-4A80-9B49-BD085C613D62}.Release|Any CPU.Build.0 = Release|x64
		{43844693-3C87-4A80-9B49-BD085C613D62}.Release|Mixed Platforms.ActiveCfg = Release|x64
		{43844693-3C87-4A80-9B49-BD085C613D62}.Release|Mixed Platforms.Build.0 = Release|x64
		{43844693-3C87-4A80-9B49-BD085C613D62}.Release|x64.ActiveCfg = Release|x64
		{43844693-3C87-4A80-9B49-BD085C613D62}.Release|x64.Build.0 = Release|x64
		{43844693-3C87-4A80-9B49-BD085C613D62}.Release|x86.ActiveCfg = Release|x64
		{43844693-3C87-4A80-9B49-BD085C613D62}.Release|x86.Build.0 = Release|x64
		{A1293177-73F3-40E5-848A-85B626886C7D}.AppStore|Any CPU.ActiveCfg = Debug|Any CPU
		{A1293177-73F3-40E5-848A-85B626886C7D}.AppStore|Any CPU.Build.0 = Debug|Any CPU
		{A1293177-73F3-40E5-848A-85B626886C7D}.AppStore|Mixed Platforms.ActiveCfg = Release|x86
		{A1293177-73F3-40E5-848A-85B626886C7D}.AppStore|Mixed Platforms.Build.0 = Release|x86
		{A1293177-73F3-40E5-848A-85B626886C7D}.AppStore|x64.ActiveCfg = Release|x64
		{A1293177-73F3-40E5-848A-85B626886C7D}.AppStore|x64.Build.0 = Release|x64
		{A1293177-73F3-40E5-848A-85B626886C7D}.AppStore|x86.ActiveCfg = Release|x86
		{A1293177-73F3-40E5-848A-85B626886C7D}.AppStore|x86.Build.0 = Release|x86
		{A1293177-73F3-40E5-848A-85B626886C7D}.Debug|Any CPU.ActiveCfg = Debug|Any CPU
		{A1293177-73F3-40E5-848A-85B626886C7D}.Debug|Any CPU.Build.0 = Debug|Any CPU
		{A1293177-73F3-40E5-848A-85B626886C7D}.Debug|Mixed Platforms.ActiveCfg = Debug|x86
		{A1293177-73F3-40E5-848A-85B626886C7D}.Debug|Mixed Platforms.Build.0 = Debug|x86
		{A1293177-73F3-40E5-848A-85B626886C7D}.Debug|x64.ActiveCfg = Debug|x64
		{A1293177-73F3-40E5-848A-85B626886C7D}.Debug|x64.Build.0 = Debug|x64
		{A1293177-73F3-40E5-848A-85B626886C7D}.Debug|x86.ActiveCfg = Debug|x86
		{A1293177-73F3-40E5-848A-85B626886C7D}.Debug|x86.Build.0 = Debug|x86
		{A1293177-73F3-40E5-848A-85B626886C7D}.Release|Any CPU.ActiveCfg = Release|Any CPU
		{A1293177-73F3-40E5-848A-85B626886C7D}.Release|Any CPU.Build.0 = Release|Any CPU
		{A1293177-73F3-40E5-848A-85B626886C7D}.Release|Mixed Platforms.ActiveCfg = Release|x86
		{A1293177-73F3-40E5-848A-85B626886C7D}.Release|Mixed Platforms.Build.0 = Release|x86
		{A1293177-73F3-40E5-848A-85B626886C7D}.Release|x64.ActiveCfg = Release|x64
		{A1293177-73F3-40E5-848A-85B626886C7D}.Release|x64.Build.0 = Release|x64
		{A1293177-73F3-40E5-848A-85B626886C7D}.Release|x86.ActiveCfg = Release|x86
		{A1293177-73F3-40E5-848A-85B626886C7D}.Release|x86.Build.0 = Release|x86
	EndGlobalSection
	GlobalSection(NestedProjects) = preSolution
	EndGlobalSection
	GlobalSection(SolutionProperties) = preSolution
		HideSolutionNode = FALSE
	EndGlobalSection
	GlobalSection(Performance) = preSolution
		HasPerformanceSessions = true
	EndGlobalSection
EndGlobal
